
Microsoft Visual Studio Solution File, Format Version 12.00
# Visual Studio Version 16
VisualStudioVersion = 16.0.32802.440
MinimumVisualStudioVersion = 10.0.40219.1
Project("{FAE04EC0-301F-11D3-BF4B-00C04F79EFBC}") = "XMLComparer", "XMLComparer\XMLComparer.csproj", "{AC5E466D-7FCF-42F1-9E58-3B26A158A4E2}"
EndProject
Global
	GlobalSection(SolutionConfigurationPlatforms) = preSolution
		Debug|Any CPU = Debug|Any CPU
		Release|Any CPU = Release|Any CPU
	EndGlobalSection
	GlobalSection(ProjectConfigurationPlatforms) = postSolution
		{AC5E466D-7FCF-42F1-9E58-3B26A158A4E2}.Debug|Any CPU.ActiveCfg = Debug|Any CPU
		{AC5E466D-7FCF-42F1-9E58-3B26A158A4E2}.Debug|Any CPU.Build.0 = Debug|Any CPU
		{AC5E466D-7FCF-42F1-9E58-3B26A158A4E2}.Release|Any CPU.ActiveCfg = Release|Any CPU
		{AC5E466D-7FCF-42F1-9E58-3B26A158A4E2}.Release|Any CPU.Build.0 = Release|Any CPU
	EndGlobalSection
	GlobalSection(SolutionProperties) = preSolution
		HideSolutionNode = FALSE
	EndGlobalSection
	GlobalSection(ExtensibilityGlobals) = postSolution
		SolutionGuid = {549A78C2-7455-4CF9-9F3C-D19C52B815BC}
	EndGlobalSection
EndGlobal
